
Microsoft Visual Studio Solution File, Format Version 12.00
# Visual Studio Version 17
VisualStudioVersion = 17.2.32630.192
MinimumVisualStudioVersion = 10.0.40219.1
Project("{9A19103F-16F7-4668-BE54-9A1E7A4F7556}") = "StargateAPI", "StargateAPI.csproj", "{EDACF44B-627C-4059-A8FC-D80C1F004C0B}"
EndProject
Project("{9A19103F-16F7-4668-BE54-9A1E7A4F7556}") = "StargateAPITests", "..\StargateAPITests\StargateAPITests.csproj", "{143E1727-FD76-42E4-BFFA-698F262494BE}"
EndProject
Global
	GlobalSection(SolutionConfigurationPlatforms) = preSolution
		Debug|Any CPU = Debug|Any CPU
		Release|Any CPU = Release|Any CPU
	EndGlobalSection
	GlobalSection(ProjectConfigurationPlatforms) = postSolution
		{EDACF44B-627C-4059-A8FC-D80C1F004C0B}.Debug|Any CPU.ActiveCfg = Debug|Any CPU
		{EDACF44B-627C-4059-A8FC-D80C1F004C0B}.Debug|Any CPU.Build.0 = Debug|Any CPU
		{EDACF44B-627C-4059-A8FC-D80C1F004C0B}.Release|Any CPU.ActiveCfg = Release|Any CPU
		{EDACF44B-627C-4059-A8FC-D80C1F004C0B}.Release|Any CPU.Build.0 = Release|Any CPU
		{143E1727-FD76-42E4-BFFA-698F262494BE}.Debug|Any CPU.ActiveCfg = Debug|Any CPU
		{143E1727-FD76-42E4-BFFA-698F262494BE}.Debug|Any CPU.Build.0 = Debug|Any CPU
		{143E1727-FD76-42E4-BFFA-698F262494BE}.Release|Any CPU.ActiveCfg = Release|Any CPU
		{143E1727-FD76-42E4-BFFA-698F262494BE}.Release|Any CPU.Build.0 = Release|Any CPU
	EndGlobalSection
	GlobalSection(SolutionProperties) = preSolution
		HideSolutionNode = FALSE
	EndGlobalSection
	GlobalSection(ExtensibilityGlobals) = postSolution
		SolutionGuid = {E5B35551-1183-4961-B61E-60923786487B}
	EndGlobalSection
EndGlobal
